// !$*UTF8*$!
{
	archiveVersion = 1;
	classes = {
	};
	objectVersion = 56;
	objects = {

/* Begin PBXBuildFile section */
		4C01EAB42C2706AD004B4A59 /* Double integer.swift in Sources */ = {isa = PBXBuildFile; fileRef = 4C01EAB32C2706AD004B4A59 /* Double integer.swift */; };
		4C01EAB62C2707DE004B4A59 /* Calculate BMI.swift in Sources */ = {isa = PBXBuildFile; fileRef = 4C01EAB52C2707DE004B4A59 /* Calculate BMI.swift */; };
		4C09C26E2C2ED0DD00960831 /* Check for factor.swift in Sources */ = {isa = PBXBuildFile; fileRef = 4C09C26D2C2ED0DD00960831 /* Check for factor.swift */; };
		4C09C2722C2ED43300960831 /* Short long short.swift in Sources */ = {isa = PBXBuildFile; fileRef = 4C09C2712C2ED43300960831 /* Short long short.swift */; };
		4C0B18D62C1791DB00827F6C /* main.swift in Sources */ = {isa = PBXBuildFile; fileRef = 4C0B18D52C1791DB00827F6C /* main.swift */; };
		4C0B18DD2C1792AF00827F6C /* Transportation on vacation.swift in Sources */ = {isa = PBXBuildFile; fileRef = 4C0B18DC2C1792AF00827F6C /* Transportation on vacation.swift */; };
		4C0B18DF2C1796DB00827F6C /* Multiply.swift in Sources */ = {isa = PBXBuildFile; fileRef = 4C0B18DE2C1796DB00827F6C /* Multiply.swift */; };
		4C2C9AE52C353C0100D5072F /* Making six toast.swift in Sources */ = {isa = PBXBuildFile; fileRef = 4C2C9AE42C353C0100D5072F /* Making six toast.swift */; };
		4C2C9AE72C353E0C00D5072F /* Get planet name by ID.swift in Sources */ = {isa = PBXBuildFile; fileRef = 4C2C9AE62C353E0C00D5072F /* Get planet name by ID.swift */; };
		4C2E42842C2CB3610018C43A /* Messi goals function.swift in Sources */ = {isa = PBXBuildFile; fileRef = 4C2E42832C2CB3610018C43A /* Messi goals function.swift */; };
		4C2E42862C2CB5AC0018C43A /* Clock.swift in Sources */ = {isa = PBXBuildFile; fileRef = 4C2E42852C2CB5AC0018C43A /* Clock.swift */; };
		4C344B382C2DF1320060DDEF /* Terminal game move function.swift in Sources */ = {isa = PBXBuildFile; fileRef = 4C344B372C2DF1320060DDEF /* Terminal game move function.swift */; };
		4C344B3A2C2DF2610060DDEF /* Quarter of the year.swift in Sources */ = {isa = PBXBuildFile; fileRef = 4C344B392C2DF2610060DDEF /* Quarter of the year.swift */; };
		4C36EB8A2C34234A00A9BCD8 /* Get the mean of array.swift in Sources */ = {isa = PBXBuildFile; fileRef = 4C36EB892C34234A00A9BCD8 /* Get the mean of array.swift */; };
		4C36EB8C2C3424B900A9BCD8 /* Dollars and cents.swift in Sources */ = {isa = PBXBuildFile; fileRef = 4C36EB8B2C3424B900A9BCD8 /* Dollars and cents.swift */; };
		4C400B372C29E57200CA9A6B /* Squaring an argument.swift in Sources */ = {isa = PBXBuildFile; fileRef = 4C400B362C29E57200CA9A6B /* Squaring an argument.swift */; };
		4C400B392C29E7AA00CA9A6B /* Third angle of a triangle.swift in Sources */ = {isa = PBXBuildFile; fileRef = 4C400B382C29E7AA00CA9A6B /* Third angle of a triangle.swift */; };
		4C4276C82C2B4DEE008D17E3 /* Personalized message.swift in Sources */ = {isa = PBXBuildFile; fileRef = 4C4276C72C2B4DEE008D17E3 /* Personalized message.swift */; };
		4C4276CA2C2B4F58008D17E3 /* Grade book.swift in Sources */ = {isa = PBXBuildFile; fileRef = 4C4276C92C2B4F58008D17E3 /* Grade book.swift */; };
		4C5639DC2C334B0200423387 /* Is he gonna survive.swift in Sources */ = {isa = PBXBuildFile; fileRef = 4C5639DB2C334B0200423387 /* Is he gonna survive.swift */; };
		4C5639DE2C33500B00423387 /* Sum mixed array.swift in Sources */ = {isa = PBXBuildFile; fileRef = 4C5639DD2C33500B00423387 /* Sum mixed array.swift */; };
		4C60BED12C19C39100DFFD3A /* Sum the strings.swift in Sources */ = {isa = PBXBuildFile; fileRef = 4C60BED02C19C39100DFFD3A /* Sum the strings.swift */; };
		4C60BED32C19C51F00DFFD3A /* Fake binary.swift in Sources */ = {isa = PBXBuildFile; fileRef = 4C60BED22C19C51F00DFFD3A /* Fake binary.swift */; };
		4C6D176D2C245E8D003CFBF9 /* Convert boolean values to strings.swift in Sources */ = {isa = PBXBuildFile; fileRef = 4C6D176C2C245E8D003CFBF9 /* Convert boolean values to strings.swift */; };
		4C6D176F2C246499003CFBF9 /* Reversed sequence.swift in Sources */ = {isa = PBXBuildFile; fileRef = 4C6D176E2C246499003CFBF9 /* Reversed sequence.swift */; };
		4C71AE8F2C1C5C5000E58580 /* Beginner - lost without a map.swift in Sources */ = {isa = PBXBuildFile; fileRef = 4C71AE8E2C1C5C5000E58580 /* Beginner - lost without a map.swift */; };
		4C71AE912C1C5E0A00E58580 /* Count the monkeys.swift in Sources */ = {isa = PBXBuildFile; fileRef = 4C71AE902C1C5E0A00E58580 /* Count the monkeys.swift */; };
		4C72C8AF2C3C578000C7C3E9 /* Opposite number.swift in Sources */ = {isa = PBXBuildFile; fileRef = 4C72C8AE2C3C578000C7C3E9 /* Opposite number.swift */; };
		4C7D8FCC2C1B10E7000E9ED1 /* Even or odd.swift in Sources */ = {isa = PBXBuildFile; fileRef = 4C7D8FCB2C1B10E7000E9ED1 /* Even or odd.swift */; };
		4C7D8FCE2C1B124A000E9ED1 /* Convert number to string.swift in Sources */ = {isa = PBXBuildFile; fileRef = 4C7D8FCD2C1B124A000E9ED1 /* Convert number to string.swift */; };
		4C9CC6CF2C21AB7400895EA2 /* Returning strings.swift in Sources */ = {isa = PBXBuildFile; fileRef = 4C9CC6CE2C21AB7400895EA2 /* Returning strings.swift */; };
		4C9CC6D12C21AD4D00895EA2 /* Remove first and last character.swift in Sources */ = {isa = PBXBuildFile; fileRef = 4C9CC6D02C21AD4D00895EA2 /* Remove first and last character.swift */; };
		4C9F1CC92C1DC56700BFCDE5 /* Reduce but grow.swift in Sources */ = {isa = PBXBuildFile; fileRef = 4C9F1CC82C1DC56700BFCDE5 /* Reduce but grow.swift */; };
		4C9F1CCB2C1DC66B00BFCDE5 /* String repeat.swift in Sources */ = {isa = PBXBuildFile; fileRef = 4C9F1CCA2C1DC66B00BFCDE5 /* String repeat.swift */; };
		4CACA4172C25CBB200DDB435 /* Volume of cuboid.swift in Sources */ = {isa = PBXBuildFile; fileRef = 4CACA4162C25CBB200DDB435 /* Volume of cuboid.swift */; };
		4CACA4192C25CDCC00DDB435 /* Take the first N elements.swift in Sources */ = {isa = PBXBuildFile; fileRef = 4CACA4182C25CDCC00DDB435 /* Take the first N elements.swift */; };
		4CC39A4E2C22B8DE00E4B812 /* Simple multiplication.swift in Sources */ = {isa = PBXBuildFile; fileRef = 4CC39A4D2C22B8DE00E4B812 /* Simple multiplication.swift */; };
		4CC39A502C22BD8300E4B812 /* Convert boolean to string.swift in Sources */ = {isa = PBXBuildFile; fileRef = 4CC39A4F2C22BD8300E4B812 /* Convert boolean to string.swift */; };
		4CE060642C18FDDA0041724A /* Square(n) sum.swift in Sources */ = {isa = PBXBuildFile; fileRef = 4CE060632C18FDDA0041724A /* Square(n) sum.swift */; };
		4CE060662C18FEE50041724A /* Reversed strings.swift in Sources */ = {isa = PBXBuildFile; fileRef = 4CE060652C18FEE50041724A /* Reversed strings.swift */; };
		4CE8FB9C2C205A2A0049224E /* Sum of positive.swift in Sources */ = {isa = PBXBuildFile; fileRef = 4CE8FB9B2C205A2A0049224E /* Sum of positive.swift */; };
		4CE8FB9E2C205CBC0049224E /* Convert number to reverse array of digits.swift in Sources */ = {isa = PBXBuildFile; fileRef = 4CE8FB9D2C205CBC0049224E /* Convert number to reverse array of digits.swift */; };
/* End PBXBuildFile section */

/* Begin PBXCopyFilesBuildPhase section */
		4C0B18D02C1791DB00827F6C /* CopyFiles */ = {
			isa = PBXCopyFilesBuildPhase;
			buildActionMask = 2147483647;
			dstPath = /usr/share/man/man1/;
			dstSubfolderSpec = 0;
			files = (
			);
			runOnlyForDeploymentPostprocessing = 1;
		};
/* End PBXCopyFilesBuildPhase section */

/* Begin PBXFileReference section */
		4C01EAB32C2706AD004B4A59 /* Double integer.swift */ = {isa = PBXFileReference; lastKnownFileType = sourcecode.swift; path = "Double integer.swift"; sourceTree = "<group>"; };
		4C01EAB52C2707DE004B4A59 /* Calculate BMI.swift */ = {isa = PBXFileReference; lastKnownFileType = sourcecode.swift; path = "Calculate BMI.swift"; sourceTree = "<group>"; };
		4C09C26D2C2ED0DD00960831 /* Check for factor.swift */ = {isa = PBXFileReference; lastKnownFileType = sourcecode.swift; path = "Check for factor.swift"; sourceTree = "<group>"; };
		4C09C2712C2ED43300960831 /* Short long short.swift */ = {isa = PBXFileReference; lastKnownFileType = sourcecode.swift; path = "Short long short.swift"; sourceTree = "<group>"; };
		4C0B18D22C1791DB00827F6C /* Codewars */ = {isa = PBXFileReference; explicitFileType = "compiled.mach-o.executable"; includeInIndex = 0; path = Codewars; sourceTree = BUILT_PRODUCTS_DIR; };
		4C0B18D52C1791DB00827F6C /* main.swift */ = {isa = PBXFileReference; lastKnownFileType = sourcecode.swift; path = main.swift; sourceTree = "<group>"; };
		4C0B18DC2C1792AF00827F6C /* Transportation on vacation.swift */ = {isa = PBXFileReference; lastKnownFileType = sourcecode.swift; path = "Transportation on vacation.swift"; sourceTree = "<group>"; };
		4C0B18DE2C1796DB00827F6C /* Multiply.swift */ = {isa = PBXFileReference; lastKnownFileType = sourcecode.swift; path = Multiply.swift; sourceTree = "<group>"; };
		4C2C9AE42C353C0100D5072F /* Making six toast.swift */ = {isa = PBXFileReference; lastKnownFileType = sourcecode.swift; path = "Making six toast.swift"; sourceTree = "<group>"; };
		4C2C9AE62C353E0C00D5072F /* Get planet name by ID.swift */ = {isa = PBXFileReference; lastKnownFileType = sourcecode.swift; path = "Get planet name by ID.swift"; sourceTree = "<group>"; };
		4C2E42832C2CB3610018C43A /* Messi goals function.swift */ = {isa = PBXFileReference; lastKnownFileType = sourcecode.swift; path = "Messi goals function.swift"; sourceTree = "<group>"; };
		4C2E42852C2CB5AC0018C43A /* Clock.swift */ = {isa = PBXFileReference; lastKnownFileType = sourcecode.swift; path = Clock.swift; sourceTree = "<group>"; };
		4C344B372C2DF1320060DDEF /* Terminal game move function.swift */ = {isa = PBXFileReference; lastKnownFileType = sourcecode.swift; path = "Terminal game move function.swift"; sourceTree = "<group>"; };
		4C344B392C2DF2610060DDEF /* Quarter of the year.swift */ = {isa = PBXFileReference; lastKnownFileType = sourcecode.swift; path = "Quarter of the year.swift"; sourceTree = "<group>"; };
		4C36EB892C34234A00A9BCD8 /* Get the mean of array.swift */ = {isa = PBXFileReference; lastKnownFileType = sourcecode.swift; path = "Get the mean of array.swift"; sourceTree = "<group>"; };
		4C36EB8B2C3424B900A9BCD8 /* Dollars and cents.swift */ = {isa = PBXFileReference; lastKnownFileType = sourcecode.swift; path = "Dollars and cents.swift"; sourceTree = "<group>"; };
		4C400B362C29E57200CA9A6B /* Squaring an argument.swift */ = {isa = PBXFileReference; lastKnownFileType = sourcecode.swift; path = "Squaring an argument.swift"; sourceTree = "<group>"; };
		4C400B382C29E7AA00CA9A6B /* Third angle of a triangle.swift */ = {isa = PBXFileReference; lastKnownFileType = sourcecode.swift; path = "Third angle of a triangle.swift"; sourceTree = "<group>"; };
		4C4276C72C2B4DEE008D17E3 /* Personalized message.swift */ = {isa = PBXFileReference; lastKnownFileType = sourcecode.swift; path = "Personalized message.swift"; sourceTree = "<group>"; };
		4C4276C92C2B4F58008D17E3 /* Grade book.swift */ = {isa = PBXFileReference; lastKnownFileType = sourcecode.swift; path = "Grade book.swift"; sourceTree = "<group>"; };
		4C5639DB2C334B0200423387 /* Is he gonna survive.swift */ = {isa = PBXFileReference; lastKnownFileType = sourcecode.swift; path = "Is he gonna survive.swift"; sourceTree = "<group>"; };
		4C5639DD2C33500B00423387 /* Sum mixed array.swift */ = {isa = PBXFileReference; lastKnownFileType = sourcecode.swift; path = "Sum mixed array.swift"; sourceTree = "<group>"; };
		4C60BED02C19C39100DFFD3A /* Sum the strings.swift */ = {isa = PBXFileReference; lastKnownFileType = sourcecode.swift; path = "Sum the strings.swift"; sourceTree = "<group>"; };
		4C60BED22C19C51F00DFFD3A /* Fake binary.swift */ = {isa = PBXFileReference; lastKnownFileType = sourcecode.swift; path = "Fake binary.swift"; sourceTree = "<group>"; };
		4C6D176C2C245E8D003CFBF9 /* Convert boolean values to strings.swift */ = {isa = PBXFileReference; lastKnownFileType = sourcecode.swift; path = "Convert boolean values to strings.swift"; sourceTree = "<group>"; };
		4C6D176E2C246499003CFBF9 /* Reversed sequence.swift */ = {isa = PBXFileReference; lastKnownFileType = sourcecode.swift; path = "Reversed sequence.swift"; sourceTree = "<group>"; };
		4C71AE8E2C1C5C5000E58580 /* Beginner - lost without a map.swift */ = {isa = PBXFileReference; lastKnownFileType = sourcecode.swift; path = "Beginner - lost without a map.swift"; sourceTree = "<group>"; };
		4C71AE902C1C5E0A00E58580 /* Count the monkeys.swift */ = {isa = PBXFileReference; lastKnownFileType = sourcecode.swift; path = "Count the monkeys.swift"; sourceTree = "<group>"; };
		4C72C8AE2C3C578000C7C3E9 /* Opposite number.swift */ = {isa = PBXFileReference; lastKnownFileType = sourcecode.swift; path = "Opposite number.swift"; sourceTree = "<group>"; };
		4C7D8FCB2C1B10E7000E9ED1 /* Even or odd.swift */ = {isa = PBXFileReference; lastKnownFileType = sourcecode.swift; path = "Even or odd.swift"; sourceTree = "<group>"; };
		4C7D8FCD2C1B124A000E9ED1 /* Convert number to string.swift */ = {isa = PBXFileReference; lastKnownFileType = sourcecode.swift; path = "Convert number to string.swift"; sourceTree = "<group>"; };
		4C9CC6CE2C21AB7400895EA2 /* Returning strings.swift */ = {isa = PBXFileReference; lastKnownFileType = sourcecode.swift; path = "Returning strings.swift"; sourceTree = "<group>"; };
		4C9CC6D02C21AD4D00895EA2 /* Remove first and last character.swift */ = {isa = PBXFileReference; lastKnownFileType = sourcecode.swift; path = "Remove first and last character.swift"; sourceTree = "<group>"; };
		4C9F1CC82C1DC56700BFCDE5 /* Reduce but grow.swift */ = {isa = PBXFileReference; lastKnownFileType = sourcecode.swift; path = "Reduce but grow.swift"; sourceTree = "<group>"; };
		4C9F1CCA2C1DC66B00BFCDE5 /* String repeat.swift */ = {isa = PBXFileReference; lastKnownFileType = sourcecode.swift; path = "String repeat.swift"; sourceTree = "<group>"; };
		4CACA4162C25CBB200DDB435 /* Volume of cuboid.swift */ = {isa = PBXFileReference; lastKnownFileType = sourcecode.swift; path = "Volume of cuboid.swift"; sourceTree = "<group>"; };
		4CACA4182C25CDCC00DDB435 /* Take the first N elements.swift */ = {isa = PBXFileReference; lastKnownFileType = sourcecode.swift; path = "Take the first N elements.swift"; sourceTree = "<group>"; };
		4CC39A4D2C22B8DE00E4B812 /* Simple multiplication.swift */ = {isa = PBXFileReference; lastKnownFileType = sourcecode.swift; path = "Simple multiplication.swift"; sourceTree = "<group>"; };
		4CC39A4F2C22BD8300E4B812 /* Convert boolean to string.swift */ = {isa = PBXFileReference; lastKnownFileType = sourcecode.swift; path = "Convert boolean to string.swift"; sourceTree = "<group>"; };
		4CE060632C18FDDA0041724A /* Square(n) sum.swift */ = {isa = PBXFileReference; lastKnownFileType = sourcecode.swift; path = "Square(n) sum.swift"; sourceTree = "<group>"; };
		4CE060652C18FEE50041724A /* Reversed strings.swift */ = {isa = PBXFileReference; lastKnownFileType = sourcecode.swift; path = "Reversed strings.swift"; sourceTree = "<group>"; };
		4CE8FB9B2C205A2A0049224E /* Sum of positive.swift */ = {isa = PBXFileReference; lastKnownFileType = sourcecode.swift; path = "Sum of positive.swift"; sourceTree = "<group>"; };
		4CE8FB9D2C205CBC0049224E /* Convert number to reverse array of digits.swift */ = {isa = PBXFileReference; lastKnownFileType = sourcecode.swift; path = "Convert number to reverse array of digits.swift"; sourceTree = "<group>"; };
/* End PBXFileReference section */

/* Begin PBXFrameworksBuildPhase section */
		4C0B18CF2C1791DB00827F6C /* Frameworks */ = {
			isa = PBXFrameworksBuildPhase;
			buildActionMask = 2147483647;
			files = (
			);
			runOnlyForDeploymentPostprocessing = 0;
		};
/* End PBXFrameworksBuildPhase section */

/* Begin PBXGroup section */
		4C0B18C92C1791DB00827F6C = {
			isa = PBXGroup;
			children = (
				4C0B18D42C1791DB00827F6C /* Codewars */,
				4C0B18D32C1791DB00827F6C /* Products */,
			);
			sourceTree = "<group>";
		};
		4C0B18D32C1791DB00827F6C /* Products */ = {
			isa = PBXGroup;
			children = (
				4C0B18D22C1791DB00827F6C /* Codewars */,
			);
			name = Products;
			sourceTree = "<group>";
		};
		4C0B18D42C1791DB00827F6C /* Codewars */ = {
			isa = PBXGroup;
			children = (
				4C0B18D52C1791DB00827F6C /* main.swift */,
				4CE060632C18FDDA0041724A /* Square(n) sum.swift */,
				4CE060652C18FEE50041724A /* Reversed strings.swift */,
				4C0B18DC2C1792AF00827F6C /* Transportation on vacation.swift */,
				4C0B18DE2C1796DB00827F6C /* Multiply.swift */,
				4C60BED02C19C39100DFFD3A /* Sum the strings.swift */,
				4C60BED22C19C51F00DFFD3A /* Fake binary.swift */,
				4C7D8FCB2C1B10E7000E9ED1 /* Even or odd.swift */,
				4C7D8FCD2C1B124A000E9ED1 /* Convert number to string.swift */,
				4C71AE8E2C1C5C5000E58580 /* Beginner - lost without a map.swift */,
				4C71AE902C1C5E0A00E58580 /* Count the monkeys.swift */,
				4C9F1CC82C1DC56700BFCDE5 /* Reduce but grow.swift */,
				4C9F1CCA2C1DC66B00BFCDE5 /* String repeat.swift */,
				4CE8FB9B2C205A2A0049224E /* Sum of positive.swift */,
				4CE8FB9D2C205CBC0049224E /* Convert number to reverse array of digits.swift */,
				4C9CC6CE2C21AB7400895EA2 /* Returning strings.swift */,
				4C9CC6D02C21AD4D00895EA2 /* Remove first and last character.swift */,
				4CC39A4D2C22B8DE00E4B812 /* Simple multiplication.swift */,
				4CC39A4F2C22BD8300E4B812 /* Convert boolean to string.swift */,
				4C6D176C2C245E8D003CFBF9 /* Convert boolean values to strings.swift */,
				4C6D176E2C246499003CFBF9 /* Reversed sequence.swift */,
				4CACA4162C25CBB200DDB435 /* Volume of cuboid.swift */,
				4CACA4182C25CDCC00DDB435 /* Take the first N elements.swift */,
				4C01EAB32C2706AD004B4A59 /* Double integer.swift */,
				4C01EAB52C2707DE004B4A59 /* Calculate BMI.swift */,
				4C400B362C29E57200CA9A6B /* Squaring an argument.swift */,
				4C400B382C29E7AA00CA9A6B /* Third angle of a triangle.swift */,
				4C4276C72C2B4DEE008D17E3 /* Personalized message.swift */,
				4C4276C92C2B4F58008D17E3 /* Grade book.swift */,
				4C2E42832C2CB3610018C43A /* Messi goals function.swift */,
				4C2E42852C2CB5AC0018C43A /* Clock.swift */,
				4C344B372C2DF1320060DDEF /* Terminal game move function.swift */,
				4C344B392C2DF2610060DDEF /* Quarter of the year.swift */,
				4C09C26D2C2ED0DD00960831 /* Check for factor.swift */,
				4C09C2712C2ED43300960831 /* Short long short.swift */,
				4C5639DB2C334B0200423387 /* Is he gonna survive.swift */,
				4C5639DD2C33500B00423387 /* Sum mixed array.swift */,
				4C36EB892C34234A00A9BCD8 /* Get the mean of array.swift */,
				4C36EB8B2C3424B900A9BCD8 /* Dollars and cents.swift */,
				4C2C9AE42C353C0100D5072F /* Making six toast.swift */,
				4C2C9AE62C353E0C00D5072F /* Get planet name by ID.swift */,
				4C72C8AE2C3C578000C7C3E9 /* Opposite number.swift */,
			);
			path = Codewars;
			sourceTree = "<group>";
		};
/* End PBXGroup section */

/* Begin PBXNativeTarget section */
		4C0B18D12C1791DB00827F6C /* Codewars */ = {
			isa = PBXNativeTarget;
			buildConfigurationList = 4C0B18D92C1791DB00827F6C /* Build configuration list for PBXNativeTarget "Codewars" */;
			buildPhases = (
				4C0B18CE2C1791DB00827F6C /* Sources */,
				4C0B18CF2C1791DB00827F6C /* Frameworks */,
				4C0B18D02C1791DB00827F6C /* CopyFiles */,
			);
			buildRules = (
			);
			dependencies = (
			);
			name = Codewars;
			productName = Codewars;
			productReference = 4C0B18D22C1791DB00827F6C /* Codewars */;
			productType = "com.apple.product-type.tool";
		};
/* End PBXNativeTarget section */

/* Begin PBXProject section */
		4C0B18CA2C1791DB00827F6C /* Project object */ = {
			isa = PBXProject;
			attributes = {
				BuildIndependentTargetsInParallel = 1;
				LastSwiftUpdateCheck = 1530;
				LastUpgradeCheck = 1530;
				TargetAttributes = {
					4C0B18D12C1791DB00827F6C = {
						CreatedOnToolsVersion = 15.3;
					};
				};
			};
			buildConfigurationList = 4C0B18CD2C1791DB00827F6C /* Build configuration list for PBXProject "Codewars" */;
			compatibilityVersion = "Xcode 14.0";
			developmentRegion = en;
			hasScannedForEncodings = 0;
			knownRegions = (
				en,
				Base,
			);
			mainGroup = 4C0B18C92C1791DB00827F6C;
			productRefGroup = 4C0B18D32C1791DB00827F6C /* Products */;
			projectDirPath = "";
			projectRoot = "";
			targets = (
				4C0B18D12C1791DB00827F6C /* Codewars */,
			);
		};
/* End PBXProject section */

/* Begin PBXSourcesBuildPhase section */
		4C0B18CE2C1791DB00827F6C /* Sources */ = {
			isa = PBXSourcesBuildPhase;
			buildActionMask = 2147483647;
			files = (
				4C36EB8C2C3424B900A9BCD8 /* Dollars and cents.swift in Sources */,
				4C71AE912C1C5E0A00E58580 /* Count the monkeys.swift in Sources */,
				4C60BED32C19C51F00DFFD3A /* Fake binary.swift in Sources */,
				4C5639DE2C33500B00423387 /* Sum mixed array.swift in Sources */,
				4CACA4172C25CBB200DDB435 /* Volume of cuboid.swift in Sources */,
				4C0B18DF2C1796DB00827F6C /* Multiply.swift in Sources */,
				4CC39A502C22BD8300E4B812 /* Convert boolean to string.swift in Sources */,
				4C2C9AE72C353E0C00D5072F /* Get planet name by ID.swift in Sources */,
				4C6D176D2C245E8D003CFBF9 /* Convert boolean values to strings.swift in Sources */,
				4CE8FB9C2C205A2A0049224E /* Sum of positive.swift in Sources */,
				4CC39A4E2C22B8DE00E4B812 /* Simple multiplication.swift in Sources */,
				4C01EAB42C2706AD004B4A59 /* Double integer.swift in Sources */,
				4CE8FB9E2C205CBC0049224E /* Convert number to reverse array of digits.swift in Sources */,
				4C7D8FCC2C1B10E7000E9ED1 /* Even or odd.swift in Sources */,
				4CACA4192C25CDCC00DDB435 /* Take the first N elements.swift in Sources */,
				4C2E42862C2CB5AC0018C43A /* Clock.swift in Sources */,
				4C344B382C2DF1320060DDEF /* Terminal game move function.swift in Sources */,
				4C7D8FCE2C1B124A000E9ED1 /* Convert number to string.swift in Sources */,
				4C71AE8F2C1C5C5000E58580 /* Beginner - lost without a map.swift in Sources */,
				4C5639DC2C334B0200423387 /* Is he gonna survive.swift in Sources */,
				4C6D176F2C246499003CFBF9 /* Reversed sequence.swift in Sources */,
				4C400B372C29E57200CA9A6B /* Squaring an argument.swift in Sources */,
				4C400B392C29E7AA00CA9A6B /* Third angle of a triangle.swift in Sources */,
				4C09C2722C2ED43300960831 /* Short long short.swift in Sources */,
				4C344B3A2C2DF2610060DDEF /* Quarter of the year.swift in Sources */,
				4C0B18DD2C1792AF00827F6C /* Transportation on vacation.swift in Sources */,
				4C72C8AF2C3C578000C7C3E9 /* Opposite number.swift in Sources */,
				4C4276C82C2B4DEE008D17E3 /* Personalized message.swift in Sources */,
				4C4276CA2C2B4F58008D17E3 /* Grade book.swift in Sources */,
				4CE060662C18FEE50041724A /* Reversed strings.swift in Sources */,
				4C9CC6D12C21AD4D00895EA2 /* Remove first and last character.swift in Sources */,
				4C36EB8A2C34234A00A9BCD8 /* Get the mean of array.swift in Sources */,
				4C2E42842C2CB3610018C43A /* Messi goals function.swift in Sources */,
				4C9CC6CF2C21AB7400895EA2 /* Returning strings.swift in Sources */,
				4C0B18D62C1791DB00827F6C /* main.swift in Sources */,
				4C60BED12C19C39100DFFD3A /* Sum the strings.swift in Sources */,
				4C9F1CC92C1DC56700BFCDE5 /* Reduce but grow.swift in Sources */,
				4CE060642C18FDDA0041724A /* Square(n) sum.swift in Sources */,
				4C9F1CCB2C1DC66B00BFCDE5 /* String repeat.swift in Sources */,
				4C01EAB62C2707DE004B4A59 /* Calculate BMI.swift in Sources */,
				4C09C26E2C2ED0DD00960831 /* Check for factor.swift in Sources */,
				4C2C9AE52C353C0100D5072F /* Making six toast.swift in Sources */,
			);
			runOnlyForDeploymentPostprocessing = 0;
		};
/* End PBXSourcesBuildPhase section */

/* Begin XCBuildConfiguration section */
		4C0B18D72C1791DB00827F6C /* Debug */ = {
			isa = XCBuildConfiguration;
			buildSettings = {
				ALWAYS_SEARCH_USER_PATHS = NO;
				ASSETCATALOG_COMPILER_GENERATE_SWIFT_ASSET_SYMBOL_EXTENSIONS = YES;
				CLANG_ANALYZER_NONNULL = YES;
				CLANG_ANALYZER_NUMBER_OBJECT_CONVERSION = YES_AGGRESSIVE;
				CLANG_CXX_LANGUAGE_STANDARD = "gnu++20";
				CLANG_ENABLE_MODULES = YES;
				CLANG_ENABLE_OBJC_ARC = YES;
				CLANG_ENABLE_OBJC_WEAK = YES;
				CLANG_WARN_BLOCK_CAPTURE_AUTORELEASING = YES;
				CLANG_WARN_BOOL_CONVERSION = YES;
				CLANG_WARN_COMMA = YES;
				CLANG_WARN_CONSTANT_CONVERSION = YES;
				CLANG_WARN_DEPRECATED_OBJC_IMPLEMENTATIONS = YES;
				CLANG_WARN_DIRECT_OBJC_ISA_USAGE = YES_ERROR;
				CLANG_WARN_DOCUMENTATION_COMMENTS = YES;
				CLANG_WARN_EMPTY_BODY = YES;
				CLANG_WARN_ENUM_CONVERSION = YES;
				CLANG_WARN_INFINITE_RECURSION = YES;
				CLANG_WARN_INT_CONVERSION = YES;
				CLANG_WARN_NON_LITERAL_NULL_CONVERSION = YES;
				CLANG_WARN_OBJC_IMPLICIT_RETAIN_SELF = YES;
				CLANG_WARN_OBJC_LITERAL_CONVERSION = YES;
				CLANG_WARN_OBJC_ROOT_CLASS = YES_ERROR;
				CLANG_WARN_QUOTED_INCLUDE_IN_FRAMEWORK_HEADER = YES;
				CLANG_WARN_RANGE_LOOP_ANALYSIS = YES;
				CLANG_WARN_STRICT_PROTOTYPES = YES;
				CLANG_WARN_SUSPICIOUS_MOVE = YES;
				CLANG_WARN_UNGUARDED_AVAILABILITY = YES_AGGRESSIVE;
				CLANG_WARN_UNREACHABLE_CODE = YES;
				CLANG_WARN__DUPLICATE_METHOD_MATCH = YES;
				COPY_PHASE_STRIP = NO;
				DEBUG_INFORMATION_FORMAT = dwarf;
				ENABLE_STRICT_OBJC_MSGSEND = YES;
				ENABLE_TESTABILITY = YES;
				ENABLE_USER_SCRIPT_SANDBOXING = YES;
				GCC_C_LANGUAGE_STANDARD = gnu17;
				GCC_DYNAMIC_NO_PIC = NO;
				GCC_NO_COMMON_BLOCKS = YES;
				GCC_OPTIMIZATION_LEVEL = 0;
				GCC_PREPROCESSOR_DEFINITIONS = (
					"DEBUG=1",
					"$(inherited)",
				);
				GCC_WARN_64_TO_32_BIT_CONVERSION = YES;
				GCC_WARN_ABOUT_RETURN_TYPE = YES_ERROR;
				GCC_WARN_UNDECLARED_SELECTOR = YES;
				GCC_WARN_UNINITIALIZED_AUTOS = YES_AGGRESSIVE;
				GCC_WARN_UNUSED_FUNCTION = YES;
				GCC_WARN_UNUSED_VARIABLE = YES;
				LOCALIZATION_PREFERS_STRING_CATALOGS = YES;
				MACOSX_DEPLOYMENT_TARGET = 14.4;
				MTL_ENABLE_DEBUG_INFO = INCLUDE_SOURCE;
				MTL_FAST_MATH = YES;
				ONLY_ACTIVE_ARCH = YES;
				SDKROOT = macosx;
				SWIFT_ACTIVE_COMPILATION_CONDITIONS = "DEBUG $(inherited)";
				SWIFT_OPTIMIZATION_LEVEL = "-Onone";
			};
			name = Debug;
		};
		4C0B18D82C1791DB00827F6C /* Release */ = {
			isa = XCBuildConfiguration;
			buildSettings = {
				ALWAYS_SEARCH_USER_PATHS = NO;
				ASSETCATALOG_COMPILER_GENERATE_SWIFT_ASSET_SYMBOL_EXTENSIONS = YES;
				CLANG_ANALYZER_NONNULL = YES;
				CLANG_ANALYZER_NUMBER_OBJECT_CONVERSION = YES_AGGRESSIVE;
				CLANG_CXX_LANGUAGE_STANDARD = "gnu++20";
				CLANG_ENABLE_MODULES = YES;
				CLANG_ENABLE_OBJC_ARC = YES;
				CLANG_ENABLE_OBJC_WEAK = YES;
				CLANG_WARN_BLOCK_CAPTURE_AUTORELEASING = YES;
				CLANG_WARN_BOOL_CONVERSION = YES;
				CLANG_WARN_COMMA = YES;
				CLANG_WARN_CONSTANT_CONVERSION = YES;
				CLANG_WARN_DEPRECATED_OBJC_IMPLEMENTATIONS = YES;
				CLANG_WARN_DIRECT_OBJC_ISA_USAGE = YES_ERROR;
				CLANG_WARN_DOCUMENTATION_COMMENTS = YES;
				CLANG_WARN_EMPTY_BODY = YES;
				CLANG_WARN_ENUM_CONVERSION = YES;
				CLANG_WARN_INFINITE_RECURSION = YES;
				CLANG_WARN_INT_CONVERSION = YES;
				CLANG_WARN_NON_LITERAL_NULL_CONVERSION = YES;
				CLANG_WARN_OBJC_IMPLICIT_RETAIN_SELF = YES;
				CLANG_WARN_OBJC_LITERAL_CONVERSION = YES;
				CLANG_WARN_OBJC_ROOT_CLASS = YES_ERROR;
				CLANG_WARN_QUOTED_INCLUDE_IN_FRAMEWORK_HEADER = YES;
				CLANG_WARN_RANGE_LOOP_ANALYSIS = YES;
				CLANG_WARN_STRICT_PROTOTYPES = YES;
				CLANG_WARN_SUSPICIOUS_MOVE = YES;
				CLANG_WARN_UNGUARDED_AVAILABILITY = YES_AGGRESSIVE;
				CLANG_WARN_UNREACHABLE_CODE = YES;
				CLANG_WARN__DUPLICATE_METHOD_MATCH = YES;
				COPY_PHASE_STRIP = NO;
				DEBUG_INFORMATION_FORMAT = "dwarf-with-dsym";
				ENABLE_NS_ASSERTIONS = NO;
				ENABLE_STRICT_OBJC_MSGSEND = YES;
				ENABLE_USER_SCRIPT_SANDBOXING = YES;
				GCC_C_LANGUAGE_STANDARD = gnu17;
				GCC_NO_COMMON_BLOCKS = YES;
				GCC_WARN_64_TO_32_BIT_CONVERSION = YES;
				GCC_WARN_ABOUT_RETURN_TYPE = YES_ERROR;
				GCC_WARN_UNDECLARED_SELECTOR = YES;
				GCC_WARN_UNINITIALIZED_AUTOS = YES_AGGRESSIVE;
				GCC_WARN_UNUSED_FUNCTION = YES;
				GCC_WARN_UNUSED_VARIABLE = YES;
				LOCALIZATION_PREFERS_STRING_CATALOGS = YES;
				MACOSX_DEPLOYMENT_TARGET = 14.4;
				MTL_ENABLE_DEBUG_INFO = NO;
				MTL_FAST_MATH = YES;
				SDKROOT = macosx;
				SWIFT_COMPILATION_MODE = wholemodule;
			};
			name = Release;
		};
		4C0B18DA2C1791DB00827F6C /* Debug */ = {
			isa = XCBuildConfiguration;
			buildSettings = {
				CODE_SIGN_STYLE = Automatic;
				DEVELOPMENT_TEAM = DD442UJ7UA;
				ENABLE_HARDENED_RUNTIME = YES;
				PRODUCT_NAME = "$(TARGET_NAME)";
				SWIFT_VERSION = 5.0;
			};
			name = Debug;
		};
		4C0B18DB2C1791DB00827F6C /* Release */ = {
			isa = XCBuildConfiguration;
			buildSettings = {
				CODE_SIGN_STYLE = Automatic;
				DEVELOPMENT_TEAM = DD442UJ7UA;
				ENABLE_HARDENED_RUNTIME = YES;
				PRODUCT_NAME = "$(TARGET_NAME)";
				SWIFT_VERSION = 5.0;
			};
			name = Release;
		};
/* End XCBuildConfiguration section */

/* Begin XCConfigurationList section */
		4C0B18CD2C1791DB00827F6C /* Build configuration list for PBXProject "Codewars" */ = {
			isa = XCConfigurationList;
			buildConfigurations = (
				4C0B18D72C1791DB00827F6C /* Debug */,
				4C0B18D82C1791DB00827F6C /* Release */,
			);
			defaultConfigurationIsVisible = 0;
			defaultConfigurationName = Release;
		};
		4C0B18D92C1791DB00827F6C /* Build configuration list for PBXNativeTarget "Codewars" */ = {
			isa = XCConfigurationList;
			buildConfigurations = (
				4C0B18DA2C1791DB00827F6C /* Debug */,
				4C0B18DB2C1791DB00827F6C /* Release */,
			);
			defaultConfigurationIsVisible = 0;
			defaultConfigurationName = Release;
		};
/* End XCConfigurationList section */
	};
	rootObject = 4C0B18CA2C1791DB00827F6C /* Project object */;
}
