// !$*UTF8*$!
{
	archiveVersion = 1;
	classes = {
	};
	objectVersion = 56;
	objects = {

/* Begin PBXBuildFile section */
		4C1AD32A2B5D9B46007244B3 /* Convert hours and minutes into seconds.swift in Sources */ = {isa = PBXBuildFile; fileRef = 4C1AD3292B5D9B46007244B3 /* Convert hours and minutes into seconds.swift */; };
		4C1AEB4C2B55E1E7001093F4 /* Basic Variable Assignment.swift in Sources */ = {isa = PBXBuildFile; fileRef = 4C1AEB4B2B55E1E7001093F4 /* Basic Variable Assignment.swift */; };
		4C26AAAB2B52AB340038E064 /* Buggy Code - Part 1.swift in Sources */ = {isa = PBXBuildFile; fileRef = 4C26AAAA2B52AB340038E064 /* Buggy Code - Part 1.swift */; };
		4C26AAAD2B52AD7D0038E064 /* Return the first element in array.swift in Sources */ = {isa = PBXBuildFile; fileRef = 4C26AAAC2B52AD7D0038E064 /* Return the first element in array.swift */; };
		4C34BA252B500A8000F60A9E /* Is the number less or equal to zero.swift in Sources */ = {isa = PBXBuildFile; fileRef = 4C34BA242B500A8000F60A9E /* Is the number less or equal to zero.swift */; };
		4C34BA272B500BB000F60A9E /* Are the numbers equal.swift in Sources */ = {isa = PBXBuildFile; fileRef = 4C34BA262B500BB000F60A9E /* Are the numbers equal.swift */; };
		4C35E0C82B4B2AC3009ECE9A /* main.swift in Sources */ = {isa = PBXBuildFile; fileRef = 4C35E0C72B4B2AC3009ECE9A /* main.swift */; };
		4C35E0CF2B4B2BC8009ECE9A /* Return Sum of Two Numbers.swift in Sources */ = {isa = PBXBuildFile; fileRef = 4C35E0CE2B4B2BC8009ECE9A /* Return Sum of Two Numbers.swift */; };
		4C37508D2B5156EE00318140 /* Return the remainder from two numbers.swift in Sources */ = {isa = PBXBuildFile; fileRef = 4C37508C2B5156EE00318140 /* Return the remainder from two numbers.swift */; };
		4C37508F2B515AC800318140 /* Convert Hours into Seconds.swift in Sources */ = {isa = PBXBuildFile; fileRef = 4C37508E2B515AC800318140 /* Convert Hours into Seconds.swift */; };
		4C3B72FA2B5D9D8A00B84120 /* The farm problem.swift in Sources */ = {isa = PBXBuildFile; fileRef = 4C3B72F92B5D9D8A00B84120 /* The farm problem.swift */; };
		4C3B72FE2B5DA26500B84120 /* Boolean to String conversion.swift in Sources */ = {isa = PBXBuildFile; fileRef = 4C3B72FD2B5DA26500B84120 /* Boolean to String conversion.swift */; };
		4C3B73002B5DA42D00B84120 /* Profitable Gamble.swift in Sources */ = {isa = PBXBuildFile; fileRef = 4C3B72FF2B5DA42D00B84120 /* Profitable Gamble.swift */; };
		4C5F31282B5427BF0013E75E /* Power Calculator.swift in Sources */ = {isa = PBXBuildFile; fileRef = 4C5F31272B5427BF0013E75E /* Power Calculator.swift */; };
		4C5F312A2B5428CD0013E75E /* Inches to Feet.swift in Sources */ = {isa = PBXBuildFile; fileRef = 4C5F31292B5428CC0013E75E /* Inches to Feet.swift */; };
		4C6780B72B5AB020006E4691 /* Concatenate First and Last Name into String.swift in Sources */ = {isa = PBXBuildFile; fileRef = 4C6780B62B5AB020006E4691 /* Concatenate First and Last Name into String.swift */; };
		4C6780B92B5AB221006E4691 /* Sum of polygon angles.swift in Sources */ = {isa = PBXBuildFile; fileRef = 4C6780B82B5AB221006E4691 /* Sum of polygon angles.swift */; };
		4C6ADD0B2B4E8C3F0087971C /* Convert Minutes into Seconds.swift in Sources */ = {isa = PBXBuildFile; fileRef = 4C6ADD0A2B4E8C3F0087971C /* Convert Minutes into Seconds.swift */; };
		4C6ADD0D2B4E8EF50087971C /* Find the Perimeter of a Rectangle.swift in Sources */ = {isa = PBXBuildFile; fileRef = 4C6ADD0C2B4E8EF50087971C /* Find the Perimeter of a Rectangle.swift */; };
		4C7659782B4D5E6E0023DF20 /* Area of a Triangle.swift in Sources */ = {isa = PBXBuildFile; fileRef = 4C7659772B4D5E6E0023DF20 /* Area of a Triangle.swift */; };
		4C76597A2B4D62AB0023DF20 /* Return Next Number from the Integer Passed.swift in Sources */ = {isa = PBXBuildFile; fileRef = 4C7659792B4D62AB0023DF20 /* Return Next Number from the Integer Passed.swift */; };
		4C828FAB2B56CC1A0042153A /* Maximum Edge of a triangle.swift in Sources */ = {isa = PBXBuildFile; fileRef = 4C828FAA2B56CC1A0042153A /* Maximum Edge of a triangle.swift */; };
		4C828FAD2B56D0CE0042153A /* Correct the Mistakes.swift in Sources */ = {isa = PBXBuildFile; fileRef = 4C828FAC2B56D0CE0042153A /* Correct the Mistakes.swift */; };
		4C8F28BE2B4C5901006373C7 /* Convert Age to Days.swift in Sources */ = {isa = PBXBuildFile; fileRef = 4C8F28BD2B4C5901006373C7 /* Convert Age to Days.swift */; };
		4C9DA8852B594F11003E4612 /* Basketball Points.swift in Sources */ = {isa = PBXBuildFile; fileRef = 4C9DA8842B594F11003E4612 /* Basketball Points.swift */; };
		4C9DA8872B595D22003E4612 /* Divides Evenly.swift in Sources */ = {isa = PBXBuildFile; fileRef = 4C9DA8862B595D22003E4612 /* Divides Evenly.swift */; };
		4CB16ECB2B57BB82006EC617 /* Name Greeting.swift in Sources */ = {isa = PBXBuildFile; fileRef = 4CB16ECA2B57BB82006EC617 /* Name Greeting.swift */; };
		4CB16ECD2B57BD4F006EC617 /* Check integer if divisible.swift in Sources */ = {isa = PBXBuildFile; fileRef = 4CB16ECC2B57BD4F006EC617 /* Check integer if divisible.swift */; };
		4CD9C9EC2B5EB53E00DD33FA /* Pair Management.swift in Sources */ = {isa = PBXBuildFile; fileRef = 4CD9C9EB2B5EB53E00DD33FA /* Pair Management.swift */; };
		4CD9C9EE2B5EBFCA00DD33FA /* Return something to me.swift in Sources */ = {isa = PBXBuildFile; fileRef = 4CD9C9ED2B5EBFCA00DD33FA /* Return something to me.swift */; };
		4CFF792E2B5FF4CE006F2004 /* Are the number if equal.swift in Sources */ = {isa = PBXBuildFile; fileRef = 4CFF792D2B5FF4CE006F2004 /* Are the number if equal.swift */; };
		4CFF79302B5FF70B006F2004 /* Concatenating two integer arrays.swift in Sources */ = {isa = PBXBuildFile; fileRef = 4CFF792F2B5FF70B006F2004 /* Concatenating two integer arrays.swift */; };
/* End PBXBuildFile section */

/* Begin PBXCopyFilesBuildPhase section */
		4C35E0C22B4B2AC3009ECE9A /* CopyFiles */ = {
			isa = PBXCopyFilesBuildPhase;
			buildActionMask = 2147483647;
			dstPath = /usr/share/man/man1/;
			dstSubfolderSpec = 0;
			files = (
			);
			runOnlyForDeploymentPostprocessing = 1;
		};
/* End PBXCopyFilesBuildPhase section */

/* Begin PBXFileReference section */
		4C1AD3292B5D9B46007244B3 /* Convert hours and minutes into seconds.swift */ = {isa = PBXFileReference; lastKnownFileType = sourcecode.swift; path = "Convert hours and minutes into seconds.swift"; sourceTree = "<group>"; };
		4C1AEB4B2B55E1E7001093F4 /* Basic Variable Assignment.swift */ = {isa = PBXFileReference; lastKnownFileType = sourcecode.swift; path = "Basic Variable Assignment.swift"; sourceTree = "<group>"; };
		4C26AAAA2B52AB340038E064 /* Buggy Code - Part 1.swift */ = {isa = PBXFileReference; lastKnownFileType = sourcecode.swift; path = "Buggy Code - Part 1.swift"; sourceTree = "<group>"; };
		4C26AAAC2B52AD7D0038E064 /* Return the first element in array.swift */ = {isa = PBXFileReference; lastKnownFileType = sourcecode.swift; path = "Return the first element in array.swift"; sourceTree = "<group>"; };
		4C34BA242B500A8000F60A9E /* Is the number less or equal to zero.swift */ = {isa = PBXFileReference; lastKnownFileType = sourcecode.swift; path = "Is the number less or equal to zero.swift"; sourceTree = "<group>"; };
		4C34BA262B500BB000F60A9E /* Are the numbers equal.swift */ = {isa = PBXFileReference; lastKnownFileType = sourcecode.swift; path = "Are the numbers equal.swift"; sourceTree = "<group>"; };
		4C35E0C42B4B2AC3009ECE9A /* Edabit */ = {isa = PBXFileReference; explicitFileType = "compiled.mach-o.executable"; includeInIndex = 0; path = Edabit; sourceTree = BUILT_PRODUCTS_DIR; };
		4C35E0C72B4B2AC3009ECE9A /* main.swift */ = {isa = PBXFileReference; lastKnownFileType = sourcecode.swift; path = main.swift; sourceTree = "<group>"; };
		4C35E0CE2B4B2BC8009ECE9A /* Return Sum of Two Numbers.swift */ = {isa = PBXFileReference; lastKnownFileType = sourcecode.swift; path = "Return Sum of Two Numbers.swift"; sourceTree = "<group>"; };
		4C37508C2B5156EE00318140 /* Return the remainder from two numbers.swift */ = {isa = PBXFileReference; lastKnownFileType = sourcecode.swift; path = "Return the remainder from two numbers.swift"; sourceTree = "<group>"; };
		4C37508E2B515AC800318140 /* Convert Hours into Seconds.swift */ = {isa = PBXFileReference; lastKnownFileType = sourcecode.swift; path = "Convert Hours into Seconds.swift"; sourceTree = "<group>"; };
		4C3B72F92B5D9D8A00B84120 /* The farm problem.swift */ = {isa = PBXFileReference; lastKnownFileType = sourcecode.swift; path = "The farm problem.swift"; sourceTree = "<group>"; };
		4C3B72FD2B5DA26500B84120 /* Boolean to String conversion.swift */ = {isa = PBXFileReference; lastKnownFileType = sourcecode.swift; path = "Boolean to String conversion.swift"; sourceTree = "<group>"; };
		4C3B72FF2B5DA42D00B84120 /* Profitable Gamble.swift */ = {isa = PBXFileReference; lastKnownFileType = sourcecode.swift; path = "Profitable Gamble.swift"; sourceTree = "<group>"; };
		4C5F31272B5427BF0013E75E /* Power Calculator.swift */ = {isa = PBXFileReference; lastKnownFileType = sourcecode.swift; path = "Power Calculator.swift"; sourceTree = "<group>"; };
		4C5F31292B5428CC0013E75E /* Inches to Feet.swift */ = {isa = PBXFileReference; lastKnownFileType = sourcecode.swift; path = "Inches to Feet.swift"; sourceTree = "<group>"; };
		4C6780B62B5AB020006E4691 /* Concatenate First and Last Name into String.swift */ = {isa = PBXFileReference; lastKnownFileType = sourcecode.swift; path = "Concatenate First and Last Name into String.swift"; sourceTree = "<group>"; };
		4C6780B82B5AB221006E4691 /* Sum of polygon angles.swift */ = {isa = PBXFileReference; lastKnownFileType = sourcecode.swift; path = "Sum of polygon angles.swift"; sourceTree = "<group>"; };
		4C6ADD0A2B4E8C3F0087971C /* Convert Minutes into Seconds.swift */ = {isa = PBXFileReference; lastKnownFileType = sourcecode.swift; path = "Convert Minutes into Seconds.swift"; sourceTree = "<group>"; };
		4C6ADD0C2B4E8EF50087971C /* Find the Perimeter of a Rectangle.swift */ = {isa = PBXFileReference; lastKnownFileType = sourcecode.swift; path = "Find the Perimeter of a Rectangle.swift"; sourceTree = "<group>"; };
		4C7659772B4D5E6E0023DF20 /* Area of a Triangle.swift */ = {isa = PBXFileReference; lastKnownFileType = sourcecode.swift; path = "Area of a Triangle.swift"; sourceTree = "<group>"; };
		4C7659792B4D62AB0023DF20 /* Return Next Number from the Integer Passed.swift */ = {isa = PBXFileReference; lastKnownFileType = sourcecode.swift; path = "Return Next Number from the Integer Passed.swift"; sourceTree = "<group>"; };
		4C828FAA2B56CC1A0042153A /* Maximum Edge of a triangle.swift */ = {isa = PBXFileReference; lastKnownFileType = sourcecode.swift; path = "Maximum Edge of a triangle.swift"; sourceTree = "<group>"; };
		4C828FAC2B56D0CE0042153A /* Correct the Mistakes.swift */ = {isa = PBXFileReference; lastKnownFileType = sourcecode.swift; path = "Correct the Mistakes.swift"; sourceTree = "<group>"; };
		4C8F28BD2B4C5901006373C7 /* Convert Age to Days.swift */ = {isa = PBXFileReference; lastKnownFileType = sourcecode.swift; path = "Convert Age to Days.swift"; sourceTree = "<group>"; };
		4C9DA8842B594F11003E4612 /* Basketball Points.swift */ = {isa = PBXFileReference; lastKnownFileType = sourcecode.swift; path = "Basketball Points.swift"; sourceTree = "<group>"; };
		4C9DA8862B595D22003E4612 /* Divides Evenly.swift */ = {isa = PBXFileReference; lastKnownFileType = sourcecode.swift; path = "Divides Evenly.swift"; sourceTree = "<group>"; };
		4CB16ECA2B57BB82006EC617 /* Name Greeting.swift */ = {isa = PBXFileReference; lastKnownFileType = sourcecode.swift; path = "Name Greeting.swift"; sourceTree = "<group>"; };
		4CB16ECC2B57BD4F006EC617 /* Check integer if divisible.swift */ = {isa = PBXFileReference; lastKnownFileType = sourcecode.swift; path = "Check integer if divisible.swift"; sourceTree = "<group>"; };
		4CD9C9EB2B5EB53E00DD33FA /* Pair Management.swift */ = {isa = PBXFileReference; lastKnownFileType = sourcecode.swift; path = "Pair Management.swift"; sourceTree = "<group>"; };
		4CD9C9ED2B5EBFCA00DD33FA /* Return something to me.swift */ = {isa = PBXFileReference; lastKnownFileType = sourcecode.swift; path = "Return something to me.swift"; sourceTree = "<group>"; };
		4CFF792D2B5FF4CE006F2004 /* Are the number if equal.swift */ = {isa = PBXFileReference; lastKnownFileType = sourcecode.swift; path = "Are the number if equal.swift"; sourceTree = "<group>"; };
		4CFF792F2B5FF70B006F2004 /* Concatenating two integer arrays.swift */ = {isa = PBXFileReference; lastKnownFileType = sourcecode.swift; path = "Concatenating two integer arrays.swift"; sourceTree = "<group>"; };
/* End PBXFileReference section */

/* Begin PBXFrameworksBuildPhase section */
		4C35E0C12B4B2AC3009ECE9A /* Frameworks */ = {
			isa = PBXFrameworksBuildPhase;
			buildActionMask = 2147483647;
			files = (
			);
			runOnlyForDeploymentPostprocessing = 0;
		};
/* End PBXFrameworksBuildPhase section */

/* Begin PBXGroup section */
		4C35E0BB2B4B2AC3009ECE9A = {
			isa = PBXGroup;
			children = (
				4C35E0C62B4B2AC3009ECE9A /* Edabit */,
				4C35E0C52B4B2AC3009ECE9A /* Products */,
			);
			sourceTree = "<group>";
		};
		4C35E0C52B4B2AC3009ECE9A /* Products */ = {
			isa = PBXGroup;
			children = (
				4C35E0C42B4B2AC3009ECE9A /* Edabit */,
			);
			name = Products;
			sourceTree = "<group>";
		};
		4C35E0C62B4B2AC3009ECE9A /* Edabit */ = {
			isa = PBXGroup;
			children = (
				4C35E0C72B4B2AC3009ECE9A /* main.swift */,
				4C35E0CE2B4B2BC8009ECE9A /* Return Sum of Two Numbers.swift */,
				4C8F28BD2B4C5901006373C7 /* Convert Age to Days.swift */,
				4C7659772B4D5E6E0023DF20 /* Area of a Triangle.swift */,
				4C7659792B4D62AB0023DF20 /* Return Next Number from the Integer Passed.swift */,
				4C6ADD0A2B4E8C3F0087971C /* Convert Minutes into Seconds.swift */,
				4C6ADD0C2B4E8EF50087971C /* Find the Perimeter of a Rectangle.swift */,
				4C34BA242B500A8000F60A9E /* Is the number less or equal to zero.swift */,
				4C34BA262B500BB000F60A9E /* Are the numbers equal.swift */,
				4C37508C2B5156EE00318140 /* Return the remainder from two numbers.swift */,
				4C37508E2B515AC800318140 /* Convert Hours into Seconds.swift */,
				4C26AAAA2B52AB340038E064 /* Buggy Code - Part 1.swift */,
				4C26AAAC2B52AD7D0038E064 /* Return the first element in array.swift */,
				4C5F31272B5427BF0013E75E /* Power Calculator.swift */,
				4C5F31292B5428CC0013E75E /* Inches to Feet.swift */,
				4C1AEB4B2B55E1E7001093F4 /* Basic Variable Assignment.swift */,
				4CFF792D2B5FF4CE006F2004 /* Are the number if equal.swift */,
				4C828FAA2B56CC1A0042153A /* Maximum Edge of a triangle.swift */,
				4C828FAC2B56D0CE0042153A /* Correct the Mistakes.swift */,
				4CB16ECA2B57BB82006EC617 /* Name Greeting.swift */,
				4CB16ECC2B57BD4F006EC617 /* Check integer if divisible.swift */,
				4C9DA8842B594F11003E4612 /* Basketball Points.swift */,
				4C9DA8862B595D22003E4612 /* Divides Evenly.swift */,
				4C6780B62B5AB020006E4691 /* Concatenate First and Last Name into String.swift */,
				4C6780B82B5AB221006E4691 /* Sum of polygon angles.swift */,
				4C1AD3292B5D9B46007244B3 /* Convert hours and minutes into seconds.swift */,
				4C3B72F92B5D9D8A00B84120 /* The farm problem.swift */,
				4C3B72FD2B5DA26500B84120 /* Boolean to String conversion.swift */,
				4C3B72FF2B5DA42D00B84120 /* Profitable Gamble.swift */,
				4CD9C9EB2B5EB53E00DD33FA /* Pair Management.swift */,
				4CD9C9ED2B5EBFCA00DD33FA /* Return something to me.swift */,
				4CFF792F2B5FF70B006F2004 /* Concatenating two integer arrays.swift */,
			);
			path = Edabit;
			sourceTree = "<group>";
		};
/* End PBXGroup section */

/* Begin PBXNativeTarget section */
		4C35E0C32B4B2AC3009ECE9A /* Edabit */ = {
			isa = PBXNativeTarget;
			buildConfigurationList = 4C35E0CB2B4B2AC3009ECE9A /* Build configuration list for PBXNativeTarget "Edabit" */;
			buildPhases = (
				4C35E0C02B4B2AC3009ECE9A /* Sources */,
				4C35E0C12B4B2AC3009ECE9A /* Frameworks */,
				4C35E0C22B4B2AC3009ECE9A /* CopyFiles */,
			);
			buildRules = (
			);
			dependencies = (
			);
			name = Edabit;
			productName = Edabit;
			productReference = 4C35E0C42B4B2AC3009ECE9A /* Edabit */;
			productType = "com.apple.product-type.tool";
		};
/* End PBXNativeTarget section */

/* Begin PBXProject section */
		4C35E0BC2B4B2AC3009ECE9A /* Project object */ = {
			isa = PBXProject;
			attributes = {
				BuildIndependentTargetsInParallel = 1;
				LastSwiftUpdateCheck = 1510;
				LastUpgradeCheck = 1510;
				TargetAttributes = {
					4C35E0C32B4B2AC3009ECE9A = {
						CreatedOnToolsVersion = 15.1;
					};
				};
			};
			buildConfigurationList = 4C35E0BF2B4B2AC3009ECE9A /* Build configuration list for PBXProject "Edabit" */;
			compatibilityVersion = "Xcode 14.0";
			developmentRegion = en;
			hasScannedForEncodings = 0;
			knownRegions = (
				en,
				Base,
			);
			mainGroup = 4C35E0BB2B4B2AC3009ECE9A;
			productRefGroup = 4C35E0C52B4B2AC3009ECE9A /* Products */;
			projectDirPath = "";
			projectRoot = "";
			targets = (
				4C35E0C32B4B2AC3009ECE9A /* Edabit */,
			);
		};
/* End PBXProject section */

/* Begin PBXSourcesBuildPhase section */
		4C35E0C02B4B2AC3009ECE9A /* Sources */ = {
			isa = PBXSourcesBuildPhase;
			buildActionMask = 2147483647;
			files = (
				4C828FAD2B56D0CE0042153A /* Correct the Mistakes.swift in Sources */,
				4CFF792E2B5FF4CE006F2004 /* Are the number if equal.swift in Sources */,
				4C6ADD0D2B4E8EF50087971C /* Find the Perimeter of a Rectangle.swift in Sources */,
				4C3B72FA2B5D9D8A00B84120 /* The farm problem.swift in Sources */,
				4C6780B72B5AB020006E4691 /* Concatenate First and Last Name into String.swift in Sources */,
				4C7659782B4D5E6E0023DF20 /* Area of a Triangle.swift in Sources */,
				4C3B72FE2B5DA26500B84120 /* Boolean to String conversion.swift in Sources */,
				4C26AAAB2B52AB340038E064 /* Buggy Code - Part 1.swift in Sources */,
				4C9DA8852B594F11003E4612 /* Basketball Points.swift in Sources */,
				4CB16ECB2B57BB82006EC617 /* Name Greeting.swift in Sources */,
				4C5F312A2B5428CD0013E75E /* Inches to Feet.swift in Sources */,
				4C9DA8872B595D22003E4612 /* Divides Evenly.swift in Sources */,
				4C26AAAD2B52AD7D0038E064 /* Return the first element in array.swift in Sources */,
				4C35E0CF2B4B2BC8009ECE9A /* Return Sum of Two Numbers.swift in Sources */,
				4CB16ECD2B57BD4F006EC617 /* Check integer if divisible.swift in Sources */,
				4C37508F2B515AC800318140 /* Convert Hours into Seconds.swift in Sources */,
				4C828FAB2B56CC1A0042153A /* Maximum Edge of a triangle.swift in Sources */,
				4C34BA272B500BB000F60A9E /* Are the numbers equal.swift in Sources */,
				4C6780B92B5AB221006E4691 /* Sum of polygon angles.swift in Sources */,
				4C37508D2B5156EE00318140 /* Return the remainder from two numbers.swift in Sources */,
				4C5F31282B5427BF0013E75E /* Power Calculator.swift in Sources */,
				4CD9C9EE2B5EBFCA00DD33FA /* Return something to me.swift in Sources */,
				4C6ADD0B2B4E8C3F0087971C /* Convert Minutes into Seconds.swift in Sources */,
				4C1AD32A2B5D9B46007244B3 /* Convert hours and minutes into seconds.swift in Sources */,
				4C1AEB4C2B55E1E7001093F4 /* Basic Variable Assignment.swift in Sources */,
				4CFF79302B5FF70B006F2004 /* Concatenating two integer arrays.swift in Sources */,
				4C8F28BE2B4C5901006373C7 /* Convert Age to Days.swift in Sources */,
				4C34BA252B500A8000F60A9E /* Is the number less or equal to zero.swift in Sources */,
				4C3B73002B5DA42D00B84120 /* Profitable Gamble.swift in Sources */,
				4CD9C9EC2B5EB53E00DD33FA /* Pair Management.swift in Sources */,
				4C76597A2B4D62AB0023DF20 /* Return Next Number from the Integer Passed.swift in Sources */,
				4C35E0C82B4B2AC3009ECE9A /* main.swift in Sources */,
			);
			runOnlyForDeploymentPostprocessing = 0;
		};
/* End PBXSourcesBuildPhase section */

/* Begin XCBuildConfiguration section */
		4C35E0C92B4B2AC3009ECE9A /* Debug */ = {
			isa = XCBuildConfiguration;
			buildSettings = {
				ALWAYS_SEARCH_USER_PATHS = NO;
				ASSETCATALOG_COMPILER_GENERATE_SWIFT_ASSET_SYMBOL_EXTENSIONS = YES;
				CLANG_ANALYZER_NONNULL = YES;
				CLANG_ANALYZER_NUMBER_OBJECT_CONVERSION = YES_AGGRESSIVE;
				CLANG_CXX_LANGUAGE_STANDARD = "gnu++20";
				CLANG_ENABLE_MODULES = YES;
				CLANG_ENABLE_OBJC_ARC = YES;
				CLANG_ENABLE_OBJC_WEAK = YES;
				CLANG_WARN_BLOCK_CAPTURE_AUTORELEASING = YES;
				CLANG_WARN_BOOL_CONVERSION = YES;
				CLANG_WARN_COMMA = YES;
				CLANG_WARN_CONSTANT_CONVERSION = YES;
				CLANG_WARN_DEPRECATED_OBJC_IMPLEMENTATIONS = YES;
				CLANG_WARN_DIRECT_OBJC_ISA_USAGE = YES_ERROR;
				CLANG_WARN_DOCUMENTATION_COMMENTS = YES;
				CLANG_WARN_EMPTY_BODY = YES;
				CLANG_WARN_ENUM_CONVERSION = YES;
				CLANG_WARN_INFINITE_RECURSION = YES;
				CLANG_WARN_INT_CONVERSION = YES;
				CLANG_WARN_NON_LITERAL_NULL_CONVERSION = YES;
				CLANG_WARN_OBJC_IMPLICIT_RETAIN_SELF = YES;
				CLANG_WARN_OBJC_LITERAL_CONVERSION = YES;
				CLANG_WARN_OBJC_ROOT_CLASS = YES_ERROR;
				CLANG_WARN_QUOTED_INCLUDE_IN_FRAMEWORK_HEADER = YES;
				CLANG_WARN_RANGE_LOOP_ANALYSIS = YES;
				CLANG_WARN_STRICT_PROTOTYPES = YES;
				CLANG_WARN_SUSPICIOUS_MOVE = YES;
				CLANG_WARN_UNGUARDED_AVAILABILITY = YES_AGGRESSIVE;
				CLANG_WARN_UNREACHABLE_CODE = YES;
				CLANG_WARN__DUPLICATE_METHOD_MATCH = YES;
				COPY_PHASE_STRIP = NO;
				DEBUG_INFORMATION_FORMAT = dwarf;
				ENABLE_STRICT_OBJC_MSGSEND = YES;
				ENABLE_TESTABILITY = YES;
				ENABLE_USER_SCRIPT_SANDBOXING = YES;
				GCC_C_LANGUAGE_STANDARD = gnu17;
				GCC_DYNAMIC_NO_PIC = NO;
				GCC_NO_COMMON_BLOCKS = YES;
				GCC_OPTIMIZATION_LEVEL = 0;
				GCC_PREPROCESSOR_DEFINITIONS = (
					"DEBUG=1",
					"$(inherited)",
				);
				GCC_WARN_64_TO_32_BIT_CONVERSION = YES;
				GCC_WARN_ABOUT_RETURN_TYPE = YES_ERROR;
				GCC_WARN_UNDECLARED_SELECTOR = YES;
				GCC_WARN_UNINITIALIZED_AUTOS = YES_AGGRESSIVE;
				GCC_WARN_UNUSED_FUNCTION = YES;
				GCC_WARN_UNUSED_VARIABLE = YES;
				LOCALIZATION_PREFERS_STRING_CATALOGS = YES;
				MACOSX_DEPLOYMENT_TARGET = 14.2;
				MTL_ENABLE_DEBUG_INFO = INCLUDE_SOURCE;
				MTL_FAST_MATH = YES;
				ONLY_ACTIVE_ARCH = YES;
				SDKROOT = macosx;
				SWIFT_ACTIVE_COMPILATION_CONDITIONS = "DEBUG $(inherited)";
				SWIFT_OPTIMIZATION_LEVEL = "-Onone";
			};
			name = Debug;
		};
		4C35E0CA2B4B2AC3009ECE9A /* Release */ = {
			isa = XCBuildConfiguration;
			buildSettings = {
				ALWAYS_SEARCH_USER_PATHS = NO;
				ASSETCATALOG_COMPILER_GENERATE_SWIFT_ASSET_SYMBOL_EXTENSIONS = YES;
				CLANG_ANALYZER_NONNULL = YES;
				CLANG_ANALYZER_NUMBER_OBJECT_CONVERSION = YES_AGGRESSIVE;
				CLANG_CXX_LANGUAGE_STANDARD = "gnu++20";
				CLANG_ENABLE_MODULES = YES;
				CLANG_ENABLE_OBJC_ARC = YES;
				CLANG_ENABLE_OBJC_WEAK = YES;
				CLANG_WARN_BLOCK_CAPTURE_AUTORELEASING = YES;
				CLANG_WARN_BOOL_CONVERSION = YES;
				CLANG_WARN_COMMA = YES;
				CLANG_WARN_CONSTANT_CONVERSION = YES;
				CLANG_WARN_DEPRECATED_OBJC_IMPLEMENTATIONS = YES;
				CLANG_WARN_DIRECT_OBJC_ISA_USAGE = YES_ERROR;
				CLANG_WARN_DOCUMENTATION_COMMENTS = YES;
				CLANG_WARN_EMPTY_BODY = YES;
				CLANG_WARN_ENUM_CONVERSION = YES;
				CLANG_WARN_INFINITE_RECURSION = YES;
				CLANG_WARN_INT_CONVERSION = YES;
				CLANG_WARN_NON_LITERAL_NULL_CONVERSION = YES;
				CLANG_WARN_OBJC_IMPLICIT_RETAIN_SELF = YES;
				CLANG_WARN_OBJC_LITERAL_CONVERSION = YES;
				CLANG_WARN_OBJC_ROOT_CLASS = YES_ERROR;
				CLANG_WARN_QUOTED_INCLUDE_IN_FRAMEWORK_HEADER = YES;
				CLANG_WARN_RANGE_LOOP_ANALYSIS = YES;
				CLANG_WARN_STRICT_PROTOTYPES = YES;
				CLANG_WARN_SUSPICIOUS_MOVE = YES;
				CLANG_WARN_UNGUARDED_AVAILABILITY = YES_AGGRESSIVE;
				CLANG_WARN_UNREACHABLE_CODE = YES;
				CLANG_WARN__DUPLICATE_METHOD_MATCH = YES;
				COPY_PHASE_STRIP = NO;
				DEBUG_INFORMATION_FORMAT = "dwarf-with-dsym";
				ENABLE_NS_ASSERTIONS = NO;
				ENABLE_STRICT_OBJC_MSGSEND = YES;
				ENABLE_USER_SCRIPT_SANDBOXING = YES;
				GCC_C_LANGUAGE_STANDARD = gnu17;
				GCC_NO_COMMON_BLOCKS = YES;
				GCC_WARN_64_TO_32_BIT_CONVERSION = YES;
				GCC_WARN_ABOUT_RETURN_TYPE = YES_ERROR;
				GCC_WARN_UNDECLARED_SELECTOR = YES;
				GCC_WARN_UNINITIALIZED_AUTOS = YES_AGGRESSIVE;
				GCC_WARN_UNUSED_FUNCTION = YES;
				GCC_WARN_UNUSED_VARIABLE = YES;
				LOCALIZATION_PREFERS_STRING_CATALOGS = YES;
				MACOSX_DEPLOYMENT_TARGET = 14.2;
				MTL_ENABLE_DEBUG_INFO = NO;
				MTL_FAST_MATH = YES;
				SDKROOT = macosx;
				SWIFT_COMPILATION_MODE = wholemodule;
			};
			name = Release;
		};
		4C35E0CC2B4B2AC3009ECE9A /* Debug */ = {
			isa = XCBuildConfiguration;
			buildSettings = {
				CODE_SIGN_STYLE = Automatic;
				DEVELOPMENT_TEAM = DD442UJ7UA;
				ENABLE_HARDENED_RUNTIME = YES;
				PRODUCT_NAME = "$(TARGET_NAME)";
				SWIFT_VERSION = 5.0;
			};
			name = Debug;
		};
		4C35E0CD2B4B2AC3009ECE9A /* Release */ = {
			isa = XCBuildConfiguration;
			buildSettings = {
				CODE_SIGN_STYLE = Automatic;
				DEVELOPMENT_TEAM = DD442UJ7UA;
				ENABLE_HARDENED_RUNTIME = YES;
				PRODUCT_NAME = "$(TARGET_NAME)";
				SWIFT_VERSION = 5.0;
			};
			name = Release;
		};
/* End XCBuildConfiguration section */

/* Begin XCConfigurationList section */
		4C35E0BF2B4B2AC3009ECE9A /* Build configuration list for PBXProject "Edabit" */ = {
			isa = XCConfigurationList;
			buildConfigurations = (
				4C35E0C92B4B2AC3009ECE9A /* Debug */,
				4C35E0CA2B4B2AC3009ECE9A /* Release */,
			);
			defaultConfigurationIsVisible = 0;
			defaultConfigurationName = Release;
		};
		4C35E0CB2B4B2AC3009ECE9A /* Build configuration list for PBXNativeTarget "Edabit" */ = {
			isa = XCConfigurationList;
			buildConfigurations = (
				4C35E0CC2B4B2AC3009ECE9A /* Debug */,
				4C35E0CD2B4B2AC3009ECE9A /* Release */,
			);
			defaultConfigurationIsVisible = 0;
			defaultConfigurationName = Release;
		};
/* End XCConfigurationList section */
	};
	rootObject = 4C35E0BC2B4B2AC3009ECE9A /* Project object */;
}
